
Microsoft Visual Studio Solution File, Format Version 12.00
Project("{2150E333-8FDC-42A3-9474-1A3956D46DE8}") = "Source", "Source", "{28786DED-373B-4842-B99F-25B12437E6FA}"
EndProject
Project("{2150E333-8FDC-42A3-9474-1A3956D46DE8}") = "BuildingBlocks", "BuildingBlocks", "{5DBA72F1-52FF-4F33-B66C-99F184AB5D4C}"
EndProject
Project("{2150E333-8FDC-42A3-9474-1A3956D46DE8}") = "Modules", "Modules", "{A5C42421-E9AB-42BB-8C10-F975C440A7AE}"
EndProject
Project("{2150E333-8FDC-42A3-9474-1A3956D46DE8}") = "Inventory", "Inventory", "{8D8343B0-8C86-4542-8905-6F66DD4D68C6}"
EndProject
Project("{FAE04EC0-301F-11D3-BF4B-00C04F79EFBC}") = "Inventory.Domain", "Source\Modules\Inventory\Inventory.Domain\Inventory.Domain.csproj", "{FFDD56C6-8FC1-4201-BBDD-9432D7B8DF73}"
EndProject
Project("{FAE04EC0-301F-11D3-BF4B-00C04F79EFBC}") = "Inventory.Application", "Source\Modules\Inventory\Inventory.Application\Inventory.Application.csproj", "{7E9C0E11-ADD1-4EC0-B327-ADF7697F44B7}"
EndProject
Project("{FAE04EC0-301F-11D3-BF4B-00C04F79EFBC}") = "Inventory.Persistence", "Source\Modules\Inventory\Inventory.Persistence\Inventory.Persistence.csproj", "{ECCB07A0-3411-412D-A3F9-4F412C037938}"
EndProject
Project("{2150E333-8FDC-42A3-9474-1A3956D46DE8}") = "Tests", "Tests", "{81E54050-30F6-4270-86D5-6B66D65F550A}"
EndProject
Project("{2150E333-8FDC-42A3-9474-1A3956D46DE8}") = "Modules", "Modules", "{E12F8EC6-E0DF-4456-9106-81C2EEE7E3AA}"
EndProject
Project("{2150E333-8FDC-42A3-9474-1A3956D46DE8}") = "Inventory", "Inventory", "{5D7F653A-E0A6-47A9-AE6D-C55C64A86A92}"
EndProject
Project("{FAE04EC0-301F-11D3-BF4B-00C04F79EFBC}") = "Blocks.Domain", "Source\BuildingBlocks\Blocks.Domain\Blocks.Domain.csproj", "{B07D4F7D-8218-41AB-A860-4AF01CEF57F7}"
EndProject
Project("{FAE04EC0-301F-11D3-BF4B-00C04F79EFBC}") = "Inventory.Tests", "Tests\Modules\Inventory\Inventory.Tests\Inventory.Tests.csproj", "{DD67C845-7C7F-4EE1-9A85-E63DC47283D5}"
EndProject
Project("{FAE04EC0-301F-11D3-BF4B-00C04F79EFBC}") = "Inventory.API", "Source\Modules\Inventory\Inventory.API\Inventory.API.csproj", "{C4F8B3E3-854C-4377-B3D3-7977793535C6}"
EndProject
Global
	GlobalSection(SolutionConfigurationPlatforms) = preSolution
		Debug|Any CPU = Debug|Any CPU
		Release|Any CPU = Release|Any CPU
	EndGlobalSection
	GlobalSection(NestedProjects) = preSolution
		{5DBA72F1-52FF-4F33-B66C-99F184AB5D4C} = {28786DED-373B-4842-B99F-25B12437E6FA}
		{A5C42421-E9AB-42BB-8C10-F975C440A7AE} = {28786DED-373B-4842-B99F-25B12437E6FA}
		{8D8343B0-8C86-4542-8905-6F66DD4D68C6} = {A5C42421-E9AB-42BB-8C10-F975C440A7AE}
		{FFDD56C6-8FC1-4201-BBDD-9432D7B8DF73} = {8D8343B0-8C86-4542-8905-6F66DD4D68C6}
		{7E9C0E11-ADD1-4EC0-B327-ADF7697F44B7} = {8D8343B0-8C86-4542-8905-6F66DD4D68C6}
		{ECCB07A0-3411-412D-A3F9-4F412C037938} = {8D8343B0-8C86-4542-8905-6F66DD4D68C6}
		{E12F8EC6-E0DF-4456-9106-81C2EEE7E3AA} = {81E54050-30F6-4270-86D5-6B66D65F550A}
		{5D7F653A-E0A6-47A9-AE6D-C55C64A86A92} = {E12F8EC6-E0DF-4456-9106-81C2EEE7E3AA}
		{B07D4F7D-8218-41AB-A860-4AF01CEF57F7} = {5DBA72F1-52FF-4F33-B66C-99F184AB5D4C}
		{DD67C845-7C7F-4EE1-9A85-E63DC47283D5} = {5D7F653A-E0A6-47A9-AE6D-C55C64A86A92}
		{C4F8B3E3-854C-4377-B3D3-7977793535C6} = {8D8343B0-8C86-4542-8905-6F66DD4D68C6}
	EndGlobalSection
	GlobalSection(ProjectConfigurationPlatforms) = postSolution
		{FFDD56C6-8FC1-4201-BBDD-9432D7B8DF73}.Debug|Any CPU.ActiveCfg = Debug|Any CPU
		{FFDD56C6-8FC1-4201-BBDD-9432D7B8DF73}.Debug|Any CPU.Build.0 = Debug|Any CPU
		{FFDD56C6-8FC1-4201-BBDD-9432D7B8DF73}.Release|Any CPU.ActiveCfg = Release|Any CPU
		{FFDD56C6-8FC1-4201-BBDD-9432D7B8DF73}.Release|Any CPU.Build.0 = Release|Any CPU
		{7E9C0E11-ADD1-4EC0-B327-ADF7697F44B7}.Debug|Any CPU.ActiveCfg = Debug|Any CPU
		{7E9C0E11-ADD1-4EC0-B327-ADF7697F44B7}.Debug|Any CPU.Build.0 = Debug|Any CPU
		{7E9C0E11-ADD1-4EC0-B327-ADF7697F44B7}.Release|Any CPU.ActiveCfg = Release|Any CPU
		{7E9C0E11-ADD1-4EC0-B327-ADF7697F44B7}.Release|Any CPU.Build.0 = Release|Any CPU
		{ECCB07A0-3411-412D-A3F9-4F412C037938}.Debug|Any CPU.ActiveCfg = Debug|Any CPU
		{ECCB07A0-3411-412D-A3F9-4F412C037938}.Debug|Any CPU.Build.0 = Debug|Any CPU
		{ECCB07A0-3411-412D-A3F9-4F412C037938}.Release|Any CPU.ActiveCfg = Release|Any CPU
		{ECCB07A0-3411-412D-A3F9-4F412C037938}.Release|Any CPU.Build.0 = Release|Any CPU
		{B07D4F7D-8218-41AB-A860-4AF01CEF57F7}.Debug|Any CPU.ActiveCfg = Debug|Any CPU
		{B07D4F7D-8218-41AB-A860-4AF01CEF57F7}.Debug|Any CPU.Build.0 = Debug|Any CPU
		{B07D4F7D-8218-41AB-A860-4AF01CEF57F7}.Release|Any CPU.ActiveCfg = Release|Any CPU
		{B07D4F7D-8218-41AB-A860-4AF01CEF57F7}.Release|Any CPU.Build.0 = Release|Any CPU
		{DD67C845-7C7F-4EE1-9A85-E63DC47283D5}.Debug|Any CPU.ActiveCfg = Debug|Any CPU
		{DD67C845-7C7F-4EE1-9A85-E63DC47283D5}.Debug|Any CPU.Build.0 = Debug|Any CPU
		{DD67C845-7C7F-4EE1-9A85-E63DC47283D5}.Release|Any CPU.ActiveCfg = Release|Any CPU
		{DD67C845-7C7F-4EE1-9A85-E63DC47283D5}.Release|Any CPU.Build.0 = Release|Any CPU
		{C4F8B3E3-854C-4377-B3D3-7977793535C6}.Debug|Any CPU.ActiveCfg = Debug|Any CPU
		{C4F8B3E3-854C-4377-B3D3-7977793535C6}.Debug|Any CPU.Build.0 = Debug|Any CPU
		{C4F8B3E3-854C-4377-B3D3-7977793535C6}.Release|Any CPU.ActiveCfg = Release|Any CPU
		{C4F8B3E3-854C-4377-B3D3-7977793535C6}.Release|Any CPU.Build.0 = Release|Any CPU
	EndGlobalSection
EndGlobal
